
Microsoft Visual Studio Solution File, Format Version 12.00
Project("{FAE04EC0-301F-11D3-BF4B-00C04F79EFBC}") = "Esercizio 011", "Esercizio 011\Esercizio 011.csproj", "{5106BE61-1D47-42FC-A314-7A1A559B98E2}"
EndProject
Global
	GlobalSection(SolutionConfigurationPlatforms) = preSolution
		Debug|Any CPU = Debug|Any CPU
		Release|Any CPU = Release|Any CPU
	EndGlobalSection
	GlobalSection(ProjectConfigurationPlatforms) = postSolution
		{5106BE61-1D47-42FC-A314-7A1A559B98E2}.Debug|Any CPU.ActiveCfg = Debug|Any CPU
		{5106BE61-1D47-42FC-A314-7A1A559B98E2}.Debug|Any CPU.Build.0 = Debug|Any CPU
		{5106BE61-1D47-42FC-A314-7A1A559B98E2}.Release|Any CPU.ActiveCfg = Release|Any CPU
		{5106BE61-1D47-42FC-A314-7A1A559B98E2}.Release|Any CPU.Build.0 = Release|Any CPU
	EndGlobalSection
EndGlobal
